<?xml version="1.0" encoding="UTF-8"?>
<Scheme
   LastUpgradeVersion = "1550"
   version = "1.7">
   <BuildAction parallelizeBuilds="YES" buildImplicitDependencies="YES">
      <BuildActionEntries>
         <BuildActionEntry
            buildForTesting = "YES"
            buildForRunning = "YES"
            buildForProfiling = "YES"
            buildForArchiving = "YES"
            buildForAnalyzing = "YES">
            <BuildableReference
               BuildableIdentifier = "primary"
               BlueprintIdentifier = "MoneyFlowLens"
               BuildableName = "MoneyFlowLens.app"
               BlueprintName = "MoneyFlowLens"
               ReferencedContainer = "container:MoneyFlowLens.xcodeproj">
            </BuildableReference>
         </BuildActionEntry>
      </BuildActionEntries>
   </BuildAction>
   <TestAction buildConfiguration = "Debug"
               selectedDebuggerIdentifier = "Xcode.DebuggerFoundation.Debugger.LLDB"
               selectedLauncherIdentifier = "Xcode.DebuggerFoundation.Launcher.LLDB">
      <Testables>
      </Testables>
   </TestAction>
   <LaunchAction
      buildConfiguration = "Debug"
      selectedDebuggerIdentifier = "Xcode.DebuggerFoundation.Debugger.LLDB"
      selectedLauncherIdentifier = "Xcode.DebuggerFoundation.Launcher.LLDB"
      launchStyle = "0">
      <BuildableProductRunnable>
         <BuildableReference
            BuildableIdentifier = "primary"
            BlueprintIdentifier = "MoneyFlowLens"
            BuildableName = "MoneyFlowLens.app"
            BlueprintName = "MoneyFlowLens"
            ReferencedContainer = "container:MoneyFlowLens.xcodeproj">
         </BuildableReference>
      </BuildableProductRunnable>
   </LaunchAction>
</Scheme>
